
Microsoft Visual Studio Solution File, Format Version 12.00
# Visual Studio Version 16
VisualStudioVersion = 16.0.31129.286
MinimumVisualStudioVersion = 10.0.40219.1
Project("{FAE04EC0-301F-11D3-BF4B-00C04F79EFBC}") = "SmartshopAPI", "DemoAPI\SmartshopAPI.csproj", "{115D7890-9B65-435E-90A2-84AD39FDCF1D}"
EndProject
Global
	GlobalSection(SolutionConfigurationPlatforms) = preSolution
		Debug|Any CPU = Debug|Any CPU
		Release|Any CPU = Release|Any CPU
	EndGlobalSection
	GlobalSection(ProjectConfigurationPlatforms) = postSolution
		{115D7890-9B65-435E-90A2-84AD39FDCF1D}.Debug|Any CPU.ActiveCfg = Debug|Any CPU
		{115D7890-9B65-435E-90A2-84AD39FDCF1D}.Debug|Any CPU.Build.0 = Debug|Any CPU
		{115D7890-9B65-435E-90A2-84AD39FDCF1D}.Release|Any CPU.ActiveCfg = Release|Any CPU
		{115D7890-9B65-435E-90A2-84AD39FDCF1D}.Release|Any CPU.Build.0 = Release|Any CPU
	EndGlobalSection
	GlobalSection(SolutionProperties) = preSolution
		HideSolutionNode = FALSE
	EndGlobalSection
	GlobalSection(ExtensibilityGlobals) = postSolution
		SolutionGuid = {DB17DA77-C26C-443C-BA03-E86CD4153522}
	EndGlobalSection
EndGlobal
