
Microsoft Visual Studio Solution File, Format Version 12.00
# Visual Studio Version 16
VisualStudioVersion = 16.0.31129.286
MinimumVisualStudioVersion = 10.0.40219.1
Project("{FAE04EC0-301F-11D3-BF4B-00C04F79EFBC}") = "SmartshopAPI", "SmartshopAPI\SmartshopAPI.csproj", "{F4014347-8CD2-4CB2-81A2-64ACAB02FF20}"
EndProject
Global
	GlobalSection(SolutionConfigurationPlatforms) = preSolution
		Debug|Any CPU = Debug|Any CPU
		Release|Any CPU = Release|Any CPU
	EndGlobalSection
	GlobalSection(ProjectConfigurationPlatforms) = postSolution
		{F4014347-8CD2-4CB2-81A2-64ACAB02FF20}.Debug|Any CPU.ActiveCfg = Debug|Any CPU
		{F4014347-8CD2-4CB2-81A2-64ACAB02FF20}.Debug|Any CPU.Build.0 = Debug|Any CPU
		{F4014347-8CD2-4CB2-81A2-64ACAB02FF20}.Release|Any CPU.ActiveCfg = Release|Any CPU
		{F4014347-8CD2-4CB2-81A2-64ACAB02FF20}.Release|Any CPU.Build.0 = Release|Any CPU
	EndGlobalSection
	GlobalSection(SolutionProperties) = preSolution
		HideSolutionNode = FALSE
	EndGlobalSection
	GlobalSection(ExtensibilityGlobals) = postSolution
		SolutionGuid = {F512F1E5-E0A2-402F-B014-7F056F92DEAA}
	EndGlobalSection
EndGlobal
